Microsoft Visual Studio Solution File, Format Version 12.00
# Visual Studio Version 17
VisualStudioVersion = 17.5.2.0
MinimumVisualStudioVersion = 10.0.40219.1
Project("{FAE04EC0-301F-11D3-BF4B-00C04F79EFBC}") = "cs-rest-bench", "cs-rest-bench\cs-rest-bench.csproj", "{632C8EB7-8C99-DE89-E15A-FE35285A451A}"
EndProject
Project("{FAE04EC0-301F-11D3-BF4B-00C04F79EFBC}") = "cs-graphql-bench", "cs-graphql-bench\cs-graphql-bench.csproj", "{4E438617-53F7-BD62-E00D-28B39A0F4279}"
EndProject
Global
	GlobalSection(SolutionConfigurationPlatforms) = preSolution
		Debug|Any CPU = Debug|Any CPU
		Release|Any CPU = Release|Any CPU
	EndGlobalSection
	GlobalSection(ProjectConfigurationPlatforms) = postSolution
		{632C8EB7-8C99-DE89-E15A-FE35285A451A}.Debug|Any CPU.ActiveCfg = Debug|Any CPU
		{632C8EB7-8C99-DE89-E15A-FE35285A451A}.Debug|Any CPU.Build.0 = Debug|Any CPU
		{632C8EB7-8C99-DE89-E15A-FE35285A451A}.Release|Any CPU.ActiveCfg = Release|Any CPU
		{632C8EB7-8C99-DE89-E15A-FE35285A451A}.Release|Any CPU.Build.0 = Release|Any CPU
		{4E438617-53F7-BD62-E00D-28B39A0F4279}.Debug|Any CPU.ActiveCfg = Debug|Any CPU
		{4E438617-53F7-BD62-E00D-28B39A0F4279}.Debug|Any CPU.Build.0 = Debug|Any CPU
		{4E438617-53F7-BD62-E00D-28B39A0F4279}.Release|Any CPU.ActiveCfg = Release|Any CPU
		{4E438617-53F7-BD62-E00D-28B39A0F4279}.Release|Any CPU.Build.0 = Release|Any CPU
	EndGlobalSection
	GlobalSection(SolutionProperties) = preSolution
		HideSolutionNode = FALSE
	EndGlobalSection
	GlobalSection(ExtensibilityGlobals) = postSolution
		SolutionGuid = {3FBD761C-C7EB-40A0-A0E4-1C2BEAC35837}
	EndGlobalSection
EndGlobal
